{
  "name": "solar",
  "version": "1.0.0",
  "lockfileVersion": 3,
  "requires": true,
  "packages": {
    "": {
      "name": "solar",
      "version": "1.0.0",
      "license": "ISC",
      "dependencies": {
        "camera-control": "^0.0.1",
        "camera-controls": "^3.1.2",
        "three": "^0.181.2"
      }
    },
    "node_modules/camera-control": {
      "version": "0.0.1",
      "resolved": "https://registry.npmjs.org/camera-control/-/camera-control-0.0.1.tgz",
      "integrity": "sha512-mzj+IqCFOxspIInX4GAB4qLtewrsHt+Cmd4eELKEl5uTXVUR2+X1BvxLWH1lzBuRc/GL5H0udzzLdpwuUPHuHg=="
    },
    "node_modules/camera-controls": {
      "version": "3.1.2",
      "resolved": "https://registry.npmjs.org/camera-controls/-/camera-controls-3.1.2.tgz",
      "integrity": "sha512-xkxfpG2ECZ6Ww5/9+kf4mfg1VEYAoe9aDSY+IwF0UEs7qEzwy0aVRfs2grImIECs/PoBtWFrh7RXsQkwG922JA==",
      "engines": {
        "node": ">=22.0.0",
        "npm": ">=10.5.1"
      },
      "peerDependencies": {
        "three": ">=0.126.1"
      }
    },
    "node_modules/three": {
      "version": "0.181.2",
      "resolved": "https://registry.npmjs.org/three/-/three-0.181.2.tgz",
      "integrity": "sha512-k/CjiZ80bYss6Qs7/ex1TBlPD11whT9oKfT8oTGiHa34W4JRd1NiH/Tr1DbHWQ2/vMUypxksLnF2CfmlmM5XFQ=="
    }
  }
}
